
Microsoft Visual Studio Solution File, Format Version 12.00
# Visual Studio 14
VisualStudioVersion = 14.0.25420.1
MinimumVisualStudioVersion = 10.0.40219.1
Project("{FAE04EC0-301F-11D3-BF4B-00C04F79EFBC}") = "projektFeladat_WPF", "projektFeladat_WPF\projektFeladat_WPF.csproj", "{C98A5B5A-1763-402F-AD02-B20FB073C832}"
EndProject
Project("{FAE04EC0-301F-11D3-BF4B-00C04F79EFBC}") = "FileUploadToDropbox_WPF", "FileUploadToDropbox_WPF\FileUploadToDropbox_WPF.csproj", "{5FB51AE5-94CC-497A-9E24-3423F8B6FA19}"
EndProject
Project("{FAE04EC0-301F-11D3-BF4B-00C04F79EFBC}") = "Repository", "Repository\Repository.csproj", "{68BDEA95-9BDD-49D5-8B81-CF8A21CB53F1}"
EndProject
Project("{FAE04EC0-301F-11D3-BF4B-00C04F79EFBC}") = "WcfServiceLibrary", "WcfServiceLibrary\WcfServiceLibrary.csproj", "{91F4CADB-871D-42F9-8644-284402712A8F}"
EndProject
Project("{FAE04EC0-301F-11D3-BF4B-00C04F79EFBC}") = "Entities", "ClassLibrary1\Entities.csproj", "{EA89D1CB-F926-4A49-8A27-4F91FF41411F}"
EndProject
Project("{FAE04EC0-301F-11D3-BF4B-00C04F79EFBC}") = "ConsoleAppForTesting", "ConsoleAppForTesting\ConsoleAppForTesting.csproj", "{7C68EC85-FF8A-492E-A25A-40B53A7353E9}"
	ProjectSection(ProjectDependencies) = postProject
		{91F4CADB-871D-42F9-8644-284402712A8F} = {91F4CADB-871D-42F9-8644-284402712A8F}
	EndProjectSection
EndProject
Project("{FAE04EC0-301F-11D3-BF4B-00C04F79EFBC}") = "EduConnect.Web", "EduConnect.Web\EduConnect.Web.csproj", "{3DA9273B-8C04-436D-82BC-B1C1464DAE58}"
	ProjectSection(ProjectDependencies) = postProject
		{91F4CADB-871D-42F9-8644-284402712A8F} = {91F4CADB-871D-42F9-8644-284402712A8F}
	EndProjectSection
EndProject
Global
	GlobalSection(SolutionConfigurationPlatforms) = preSolution
		Debug|Any CPU = Debug|Any CPU
		Release|Any CPU = Release|Any CPU
	EndGlobalSection
	GlobalSection(ProjectConfigurationPlatforms) = postSolution
		{C98A5B5A-1763-402F-AD02-B20FB073C832}.Debug|Any CPU.ActiveCfg = Debug|Any CPU
		{C98A5B5A-1763-402F-AD02-B20FB073C832}.Debug|Any CPU.Build.0 = Debug|Any CPU
		{C98A5B5A-1763-402F-AD02-B20FB073C832}.Release|Any CPU.ActiveCfg = Release|Any CPU
		{C98A5B5A-1763-402F-AD02-B20FB073C832}.Release|Any CPU.Build.0 = Release|Any CPU
		{5FB51AE5-94CC-497A-9E24-3423F8B6FA19}.Debug|Any CPU.ActiveCfg = Debug|Any CPU
		{5FB51AE5-94CC-497A-9E24-3423F8B6FA19}.Debug|Any CPU.Build.0 = Debug|Any CPU
		{5FB51AE5-94CC-497A-9E24-3423F8B6FA19}.Release|Any CPU.ActiveCfg = Release|Any CPU
		{5FB51AE5-94CC-497A-9E24-3423F8B6FA19}.Release|Any CPU.Build.0 = Release|Any CPU
		{68BDEA95-9BDD-49D5-8B81-CF8A21CB53F1}.Debug|Any CPU.ActiveCfg = Debug|Any CPU
		{68BDEA95-9BDD-49D5-8B81-CF8A21CB53F1}.Debug|Any CPU.Build.0 = Debug|Any CPU
		{68BDEA95-9BDD-49D5-8B81-CF8A21CB53F1}.Release|Any CPU.ActiveCfg = Release|Any CPU
		{68BDEA95-9BDD-49D5-8B81-CF8A21CB53F1}.Release|Any CPU.Build.0 = Release|Any CPU
		{91F4CADB-871D-42F9-8644-284402712A8F}.Debug|Any CPU.ActiveCfg = Debug|Any CPU
		{91F4CADB-871D-42F9-8644-284402712A8F}.Debug|Any CPU.Build.0 = Debug|Any CPU
		{91F4CADB-871D-42F9-8644-284402712A8F}.Release|Any CPU.ActiveCfg = Release|Any CPU
		{91F4CADB-871D-42F9-8644-284402712A8F}.Release|Any CPU.Build.0 = Release|Any CPU
		{EA89D1CB-F926-4A49-8A27-4F91FF41411F}.Debug|Any CPU.ActiveCfg = Debug|Any CPU
		{EA89D1CB-F926-4A49-8A27-4F91FF41411F}.Debug|Any CPU.Build.0 = Debug|Any CPU
		{EA89D1CB-F926-4A49-8A27-4F91FF41411F}.Release|Any CPU.ActiveCfg = Release|Any CPU
		{EA89D1CB-F926-4A49-8A27-4F91FF41411F}.Release|Any CPU.Build.0 = Release|Any CPU
		{7C68EC85-FF8A-492E-A25A-40B53A7353E9}.Debug|Any CPU.ActiveCfg = Debug|Any CPU
		{7C68EC85-FF8A-492E-A25A-40B53A7353E9}.Debug|Any CPU.Build.0 = Debug|Any CPU
		{7C68EC85-FF8A-492E-A25A-40B53A7353E9}.Release|Any CPU.ActiveCfg = Release|Any CPU
		{7C68EC85-FF8A-492E-A25A-40B53A7353E9}.Release|Any CPU.Build.0 = Release|Any CPU
		{3DA9273B-8C04-436D-82BC-B1C1464DAE58}.Debug|Any CPU.ActiveCfg = Debug|Any CPU
		{3DA9273B-8C04-436D-82BC-B1C1464DAE58}.Debug|Any CPU.Build.0 = Debug|Any CPU
		{3DA9273B-8C04-436D-82BC-B1C1464DAE58}.Release|Any CPU.ActiveCfg = Release|Any CPU
		{3DA9273B-8C04-436D-82BC-B1C1464DAE58}.Release|Any CPU.Build.0 = Release|Any CPU
	EndGlobalSection
	GlobalSection(SolutionProperties) = preSolution
		HideSolutionNode = FALSE
	EndGlobalSection
	GlobalSection(ExtensibilityGlobals) = postSolution
		EnterpriseLibraryConfigurationToolBinariesPath = packages\Unity.2.1.505.2\lib\NET35
	EndGlobalSection
EndGlobal
